
Microsoft Visual Studio Solution File, Format Version 12.00
# Visual Studio Version 17
VisualStudioVersion = 17.11.35303.130
MinimumVisualStudioVersion = 10.0.40219.1
Project("{9A19103F-16F7-4668-BE54-9A1E7A4F7556}") = "ConsoleApp", "Program\ConsoleApp.csproj", "{B5ADE24E-314F-4F44-9EEE-C6337826C614}"
EndProject
Project("{9A19103F-16F7-4668-BE54-9A1E7A4F7556}") = "GenchoCMD", "GenchoCMD\GenchoCMD.csproj", "{D08B2091-9EA3-4424-8FF9-672101BEB26E}"
EndProject
Project("{9A19103F-16F7-4668-BE54-9A1E7A4F7556}") = "GenchoModels", "GenchoModels\GenchoModels.csproj", "{8A18A18D-4E9A-4724-BD22-FB62C2CC3C72}"
EndProject
Global
	GlobalSection(SolutionConfigurationPlatforms) = preSolution
		Debug|Any CPU = Debug|Any CPU
		Release|Any CPU = Release|Any CPU
	EndGlobalSection
	GlobalSection(ProjectConfigurationPlatforms) = postSolution
		{B5ADE24E-314F-4F44-9EEE-C6337826C614}.Debug|Any CPU.ActiveCfg = Debug|Any CPU
		{B5ADE24E-314F-4F44-9EEE-C6337826C614}.Debug|Any CPU.Build.0 = Debug|Any CPU
		{B5ADE24E-314F-4F44-9EEE-C6337826C614}.Release|Any CPU.ActiveCfg = Release|Any CPU
		{B5ADE24E-314F-4F44-9EEE-C6337826C614}.Release|Any CPU.Build.0 = Release|Any CPU
		{D08B2091-9EA3-4424-8FF9-672101BEB26E}.Debug|Any CPU.ActiveCfg = Debug|Any CPU
		{D08B2091-9EA3-4424-8FF9-672101BEB26E}.Debug|Any CPU.Build.0 = Debug|Any CPU
		{D08B2091-9EA3-4424-8FF9-672101BEB26E}.Release|Any CPU.ActiveCfg = Release|Any CPU
		{D08B2091-9EA3-4424-8FF9-672101BEB26E}.Release|Any CPU.Build.0 = Release|Any CPU
		{8A18A18D-4E9A-4724-BD22-FB62C2CC3C72}.Debug|Any CPU.ActiveCfg = Debug|Any CPU
		{8A18A18D-4E9A-4724-BD22-FB62C2CC3C72}.Debug|Any CPU.Build.0 = Debug|Any CPU
		{8A18A18D-4E9A-4724-BD22-FB62C2CC3C72}.Release|Any CPU.ActiveCfg = Release|Any CPU
		{8A18A18D-4E9A-4724-BD22-FB62C2CC3C72}.Release|Any CPU.Build.0 = Release|Any CPU
	EndGlobalSection
	GlobalSection(SolutionProperties) = preSolution
		HideSolutionNode = FALSE
	EndGlobalSection
	GlobalSection(ExtensibilityGlobals) = postSolution
		SolutionGuid = {8688B773-0725-4839-86CF-3A1E2AA95C52}
	EndGlobalSection
EndGlobal
